
Microsoft Visual Studio Solution File, Format Version 12.00
# Visual Studio 15
VisualStudioVersion = 15.0.27703.2047
MinimumVisualStudioVersion = 10.0.40219.1
Project("{8BC9CEB8-8B4A-11D0-8D11-00A0C91BC942}") = "BOJ", "BOJ\BOJ.vcxproj", "{B3DC1A5D-061A-4BED-999A-028D0EA51A32}"
EndProject
Project("{8BC9CEB8-8B4A-11D0-8D11-00A0C91BC942}") = "DEATHSTAR", "DEATHSTAR\DEATHSTAR.vcxproj", "{FD5E594A-97A2-4447-9E8A-57EA79355C10}"
EndProject
Project("{8BC9CEB8-8B4A-11D0-8D11-00A0C91BC942}") = "ASCII", "ASCII\ASCII.vcxproj", "{EB11454A-3939-4435-B3AE-953D0814F280}"
EndProject
Project("{8BC9CEB8-8B4A-11D0-8D11-00A0C91BC942}") = "NumOfWord", "NumOfWord\NumOfWord.vcxproj", "{911D69E7-F479-41BA-9772-12216F5E88F9}"
EndProject
Project("{8BC9CEB8-8B4A-11D0-8D11-00A0C91BC942}") = "median", "median\median.vcxproj", "{166DCB72-A859-4203-892B-1CFC2D3F33E0}"
EndProject
Global
	GlobalSection(SolutionConfigurationPlatforms) = preSolution
		Debug|x64 = Debug|x64
		Debug|x86 = Debug|x86
		Release|x64 = Release|x64
		Release|x86 = Release|x86
	EndGlobalSection
	GlobalSection(ProjectConfigurationPlatforms) = postSolution
		{B3DC1A5D-061A-4BED-999A-028D0EA51A32}.Debug|x64.ActiveCfg = Debug|x64
		{B3DC1A5D-061A-4BED-999A-028D0EA51A32}.Debug|x64.Build.0 = Debug|x64
		{B3DC1A5D-061A-4BED-999A-028D0EA51A32}.Debug|x86.ActiveCfg = Debug|Win32
		{B3DC1A5D-061A-4BED-999A-028D0EA51A32}.Debug|x86.Build.0 = Debug|Win32
		{B3DC1A5D-061A-4BED-999A-028D0EA51A32}.Release|x64.ActiveCfg = Release|x64
		{B3DC1A5D-061A-4BED-999A-028D0EA51A32}.Release|x64.Build.0 = Release|x64
		{B3DC1A5D-061A-4BED-999A-028D0EA51A32}.Release|x86.ActiveCfg = Release|Win32
		{B3DC1A5D-061A-4BED-999A-028D0EA51A32}.Release|x86.Build.0 = Release|Win32
		{FD5E594A-97A2-4447-9E8A-57EA79355C10}.Debug|x64.ActiveCfg = Debug|x64
		{FD5E594A-97A2-4447-9E8A-57EA79355C10}.Debug|x64.Build.0 = Debug|x64
		{FD5E594A-97A2-4447-9E8A-57EA79355C10}.Debug|x86.ActiveCfg = Debug|Win32
		{FD5E594A-97A2-4447-9E8A-57EA79355C10}.Debug|x86.Build.0 = Debug|Win32
		{FD5E594A-97A2-4447-9E8A-57EA79355C10}.Release|x64.ActiveCfg = Release|x64
		{FD5E594A-97A2-4447-9E8A-57EA79355C10}.Release|x64.Build.0 = Release|x64
		{FD5E594A-97A2-4447-9E8A-57EA79355C10}.Release|x86.ActiveCfg = Release|Win32
		{FD5E594A-97A2-4447-9E8A-57EA79355C10}.Release|x86.Build.0 = Release|Win32
		{EB11454A-3939-4435-B3AE-953D0814F280}.Debug|x64.ActiveCfg = Debug|x64
		{EB11454A-3939-4435-B3AE-953D0814F280}.Debug|x64.Build.0 = Debug|x64
		{EB11454A-3939-4435-B3AE-953D0814F280}.Debug|x86.ActiveCfg = Debug|Win32
		{EB11454A-3939-4435-B3AE-953D0814F280}.Debug|x86.Build.0 = Debug|Win32
		{EB11454A-3939-4435-B3AE-953D0814F280}.Release|x64.ActiveCfg = Release|x64
		{EB11454A-3939-4435-B3AE-953D0814F280}.Release|x64.Build.0 = Release|x64
		{EB11454A-3939-4435-B3AE-953D0814F280}.Release|x86.ActiveCfg = Release|Win32
		{EB11454A-3939-4435-B3AE-953D0814F280}.Release|x86.Build.0 = Release|Win32
		{911D69E7-F479-41BA-9772-12216F5E88F9}.Debug|x64.ActiveCfg = Debug|x64
		{911D69E7-F479-41BA-9772-12216F5E88F9}.Debug|x64.Build.0 = Debug|x64
		{911D69E7-F479-41BA-9772-12216F5E88F9}.Debug|x86.ActiveCfg = Debug|Win32
		{911D69E7-F479-41BA-9772-12216F5E88F9}.Debug|x86.Build.0 = Debug|Win32
		{911D69E7-F479-41BA-9772-12216F5E88F9}.Release|x64.ActiveCfg = Release|x64
		{911D69E7-F479-41BA-9772-12216F5E88F9}.Release|x64.Build.0 = Release|x64
		{911D69E7-F479-41BA-9772-12216F5E88F9}.Release|x86.ActiveCfg = Release|Win32
		{911D69E7-F479-41BA-9772-12216F5E88F9}.Release|x86.Build.0 = Release|Win32
		{166DCB72-A859-4203-892B-1CFC2D3F33E0}.Debug|x64.ActiveCfg = Debug|x64
		{166DCB72-A859-4203-892B-1CFC2D3F33E0}.Debug|x64.Build.0 = Debug|x64
		{166DCB72-A859-4203-892B-1CFC2D3F33E0}.Debug|x86.ActiveCfg = Debug|Win32
		{166DCB72-A859-4203-892B-1CFC2D3F33E0}.Debug|x86.Build.0 = Debug|Win32
		{166DCB72-A859-4203-892B-1CFC2D3F33E0}.Release|x64.ActiveCfg = Release|x64
		{166DCB72-A859-4203-892B-1CFC2D3F33E0}.Release|x64.Build.0 = Release|x64
		{166DCB72-A859-4203-892B-1CFC2D3F33E0}.Release|x86.ActiveCfg = Release|Win32
		{166DCB72-A859-4203-892B-1CFC2D3F33E0}.Release|x86.Build.0 = Release|Win32
	EndGlobalSection
	GlobalSection(SolutionProperties) = preSolution
		HideSolutionNode = FALSE
	EndGlobalSection
	GlobalSection(ExtensibilityGlobals) = postSolution
		SolutionGuid = {C317E272-9132-4321-AD59-6B1915CBC881}
	EndGlobalSection
EndGlobal
